# This file is automatically @generated by Cargo.
# It is not intended for manual editing.
version = 3

[[package]]
name = "AES"
version = "0.1.0"
dependencies = [
 "traits",
]

[[package]]
name = "Cyphers"
version = "0.1.0"
dependencies = [
 "AES",
 "DES",
 "magma",
 "traits",
]

[[package]]
name = "DES"
version = "0.1.0"
dependencies = [
 "traits",
]

[[package]]
name = "magma"
version = "0.1.0"
dependencies = [
 "traits",
]

[[package]]
name = "traits"
version = "0.1.0"
